
Microsoft Visual Studio Solution File, Format Version 12.00
# Visual Studio Version 17
VisualStudioVersion = 17.6.33723.286
MinimumVisualStudioVersion = 10.0.40219.1
Project("{FAE04EC0-301F-11D3-BF4B-00C04F79EFBC}") = "loopWhile", "loopWhile.csproj", "{B35C3371-4C2D-42F8-9588-740FBCA90031}"
EndProject
Global
	GlobalSection(SolutionConfigurationPlatforms) = preSolution
		Debug|Any CPU = Debug|Any CPU
		Release|Any CPU = Release|Any CPU
	EndGlobalSection
	GlobalSection(ProjectConfigurationPlatforms) = postSolution
		{B35C3371-4C2D-42F8-9588-740FBCA90031}.Debug|Any CPU.ActiveCfg = Debug|Any CPU
		{B35C3371-4C2D-42F8-9588-740FBCA90031}.Debug|Any CPU.Build.0 = Debug|Any CPU
		{B35C3371-4C2D-42F8-9588-740FBCA90031}.Release|Any CPU.ActiveCfg = Release|Any CPU
		{B35C3371-4C2D-42F8-9588-740FBCA90031}.Release|Any CPU.Build.0 = Release|Any CPU
	EndGlobalSection
	GlobalSection(SolutionProperties) = preSolution
		HideSolutionNode = FALSE
	EndGlobalSection
	GlobalSection(ExtensibilityGlobals) = postSolution
		SolutionGuid = {68500245-BF54-4922-9BDA-A0C94D499DD1}
	EndGlobalSection
EndGlobal
